
Microsoft Visual Studio Solution File, Format Version 12.00
# Visual Studio Version 16
VisualStudioVersion = 16.0.32630.194
MinimumVisualStudioVersion = 10.0.40219.1
Project("{FAE04EC0-301F-11D3-BF4B-00C04F79EFBC}") = "GreedyWeb", "GreedyWeb\GreedyWeb.csproj", "{4F1A593C-9ED6-4565-80AD-A6D048720325}"
EndProject
Global
	GlobalSection(SolutionConfigurationPlatforms) = preSolution
		Debug|Any CPU = Debug|Any CPU
		Release|Any CPU = Release|Any CPU
	EndGlobalSection
	GlobalSection(ProjectConfigurationPlatforms) = postSolution
		{4F1A593C-9ED6-4565-80AD-A6D048720325}.Debug|Any CPU.ActiveCfg = Debug|Any CPU
		{4F1A593C-9ED6-4565-80AD-A6D048720325}.Debug|Any CPU.Build.0 = Debug|Any CPU
		{4F1A593C-9ED6-4565-80AD-A6D048720325}.Release|Any CPU.ActiveCfg = Release|Any CPU
		{4F1A593C-9ED6-4565-80AD-A6D048720325}.Release|Any CPU.Build.0 = Release|Any CPU
	EndGlobalSection
	GlobalSection(SolutionProperties) = preSolution
		HideSolutionNode = FALSE
	EndGlobalSection
	GlobalSection(ExtensibilityGlobals) = postSolution
		SolutionGuid = {833F59C5-9CCA-444B-86D7-CC369CAF2DFC}
	EndGlobalSection
EndGlobal
